
Microsoft Visual Studio Solution File, Format Version 12.00
# Visual Studio Version 17
VisualStudioVersion = 17.11.35208.52
MinimumVisualStudioVersion = 10.0.40219.1
Project("{9A19103F-16F7-4668-BE54-9A1E7A4F7556}") = "RunningPaceCalculatorAPI", "RunningPaceCalculatorAPI.csproj", "{F2378150-34B5-4041-BB27-11A25F669176}"
EndProject
Project("{FAE04EC0-301F-11D3-BF4B-00C04F79EFBC}") = "Model", "..\Model\Model.csproj", "{0F8E09CA-0773-465C-860C-57161684D825}"
EndProject
Global
	GlobalSection(SolutionConfigurationPlatforms) = preSolution
		Debug|Any CPU = Debug|Any CPU
		Release|Any CPU = Release|Any CPU
	EndGlobalSection
	GlobalSection(ProjectConfigurationPlatforms) = postSolution
		{F2378150-34B5-4041-BB27-11A25F669176}.Debug|Any CPU.ActiveCfg = Debug|Any CPU
		{F2378150-34B5-4041-BB27-11A25F669176}.Debug|Any CPU.Build.0 = Debug|Any CPU
		{F2378150-34B5-4041-BB27-11A25F669176}.Release|Any CPU.ActiveCfg = Release|Any CPU
		{F2378150-34B5-4041-BB27-11A25F669176}.Release|Any CPU.Build.0 = Release|Any CPU
		{0F8E09CA-0773-465C-860C-57161684D825}.Debug|Any CPU.ActiveCfg = Debug|Any CPU
		{0F8E09CA-0773-465C-860C-57161684D825}.Debug|Any CPU.Build.0 = Debug|Any CPU
		{0F8E09CA-0773-465C-860C-57161684D825}.Release|Any CPU.ActiveCfg = Release|Any CPU
		{0F8E09CA-0773-465C-860C-57161684D825}.Release|Any CPU.Build.0 = Release|Any CPU
	EndGlobalSection
	GlobalSection(SolutionProperties) = preSolution
		HideSolutionNode = FALSE
	EndGlobalSection
	GlobalSection(ExtensibilityGlobals) = postSolution
		SolutionGuid = {36A3F699-1C3F-4DAF-ADCB-4C494B9C8C47}
	EndGlobalSection
EndGlobal
